{
  "name": "cls",
  "version": "1.0.0",
  "lockfileVersion": 3,
  "requires": true,
  "packages": {
    "": {
      "name": "cls",
      "version": "1.0.0",
      "license": "ISC",
      "dependencies": {
        "@metaplex-foundation/mpl-token-metadata": "^3.2.1",
        "@metaplex-foundation/umi": "^0.9.2",
        "@metaplex-foundation/umi-bundle-defaults": "^0.9.2"
      },
      "devDependencies": {
        "tslint": "^6.1.3",
        "typescript": "^5.5.4"
      }
    },
    "node_modules/@babel/code-frame": {
      "version": "7.24.7",
      "resolved": "https://registry.npmjs.org/@babel/code-frame/-/code-frame-7.24.7.tgz",
      "integrity": "sha512-BcYH1CVJBO9tvyIZ2jVeXgSIMvGZ2FDRvDdOIVQyuklNKSsx+eppDEBq/g47Ayw+RqNFE+URvOShmf+f/qwAlA==",
      "dev": true,
      "dependencies": {
        "@babel/highlight": "^7.24.7",
        "picocolors": "^1.0.0"
      },
      "engines": {
        "node": ">=6.9.0"
      }
    },
    "node_modules/@babel/helper-validator-identifier": {
      "version": "7.24.7",
      "resolved": "https://registry.npmjs.org/@babel/helper-validator-identifier/-/helper-validator-identifier-7.24.7.tgz",
      "integrity": "sha512-rR+PBcQ1SMQDDyF6X0wxtG8QyLCgUB0eRAGguqRLfkCA87l7yAP7ehq8SNj96OOGTO8OBV70KhuFYcIkHXOg0w==",
      "dev": true,
      "engines": {
        "node": ">=6.9.0"
      }
    },
    "node_modules/@babel/highlight": {
      "version": "7.24.7",
      "resolved": "https://registry.npmjs.org/@babel/highlight/-/highlight-7.24.7.tgz",
      "integrity": "sha512-EStJpq4OuY8xYfhGVXngigBJRWxftKX9ksiGDnmlY3o7B/V7KIAc9X4oiK87uPJSc/vs5L869bem5fhZa8caZw==",
      "dev": true,
      "dependencies": {
        "@babel/helper-validator-identifier": "^7.24.7",
        "chalk": "^2.4.2",
        "js-tokens": "^4.0.0",
        "picocolors": "^1.0.0"
      },
      "engines": {
        "node": ">=6.9.0"
      }
    },
    "node_modules/@babel/runtime": {
      "version": "7.24.8",
      "resolved": "https://registry.npmjs.org/@babel/runtime/-/runtime-7.24.8.tgz",
      "integrity": "sha512-5F7SDGs1T72ZczbRwbGO9lQi0NLjQxzl6i4lJxLxfW9U5UluCSyEJeniWvnhl3/euNiqQVbo8zruhsDfid0esA==",
      "peer": true,
      "dependencies": {
        "regenerator-runtime": "^0.14.0"
      },
      "engines": {
        "node": ">=6.9.0"
      }
    },
    "node_modules/@metaplex-foundation/mpl-token-metadata": {
      "version": "3.2.1",
      "resolved": "https://registry.npmjs.org/@metaplex-foundation/mpl-token-metadata/-/mpl-token-metadata-3.2.1.tgz",
      "integrity": "sha512-26W1NhQwDWmLOg/pBRYut7x/vEs/5kFS2sWVEY5/X0f2jJOLhnd4NaZQcq+5u+XZsXvm1jq2AtrRGPNK43oqWQ==",
      "dependencies": {
        "@metaplex-foundation/mpl-toolbox": "^0.9.4"
      },
      "peerDependencies": {
        "@metaplex-foundation/umi": ">= 0.8.2 < 1"
      }
    },
    "node_modules/@metaplex-foundation/mpl-toolbox": {
      "version": "0.9.4",
      "resolved": "https://registry.npmjs.org/@metaplex-foundation/mpl-toolbox/-/mpl-toolbox-0.9.4.tgz",
      "integrity": "sha512-fd6JxfoLbj/MM8FG2x91KYVy1U6AjBQw4qjt7+Da3trzQaWnSaYHDcYRG/53xqfvZ9qofY1T2t53GXPlD87lnQ==",
      "peerDependencies": {
        "@metaplex-foundation/umi": ">= 0.8.2 < 1"
      }
    },
    "node_modules/@metaplex-foundation/umi": {
      "version": "0.9.2",
      "resolved": "https://registry.npmjs.org/@metaplex-foundation/umi/-/umi-0.9.2.tgz",
      "integrity": "sha512-9i4Acm4pruQfJcpRrc2EauPBwkfDN0I9QTvJyZocIlKgoZwD6A6wH0PViH1AjOVG5CQCd1YI3tJd5XjYE1ElBw==",
      "dependencies": {
        "@metaplex-foundation/umi-options": "^0.8.9",
        "@metaplex-foundation/umi-public-keys": "^0.8.9",
        "@metaplex-foundation/umi-serializers": "^0.9.0"
      }
    },
    "node_modules/@metaplex-foundation/umi-bundle-defaults": {
      "version": "0.9.2",
      "resolved": "https://registry.npmjs.org/@metaplex-foundation/umi-bundle-defaults/-/umi-bundle-defaults-0.9.2.tgz",
      "integrity": "sha512-kV3tfvgvRjVP1p9OFOtH+ibOtN9omVJSwKr0We4/9r45e5LTj+32su0V/rixZUkG1EZzzOYBsxhtIE0kIw/Hrw==",
      "dependencies": {
        "@metaplex-foundation/umi-downloader-http": "^0.9.2",
        "@metaplex-foundation/umi-eddsa-web3js": "^0.9.2",
        "@metaplex-foundation/umi-http-fetch": "^0.9.2",
        "@metaplex-foundation/umi-program-repository": "^0.9.2",
        "@metaplex-foundation/umi-rpc-chunk-get-accounts": "^0.9.2",
        "@metaplex-foundation/umi-rpc-web3js": "^0.9.2",
        "@metaplex-foundation/umi-serializer-data-view": "^0.9.2",
        "@metaplex-foundation/umi-transaction-factory-web3js": "^0.9.2"
      },
      "peerDependencies": {
        "@metaplex-foundation/umi": "^0.9.2",
        "@solana/web3.js": "^1.72.0"
      }
    },
    "node_modules/@metaplex-foundation/umi-downloader-http": {
      "version": "0.9.2",
      "resolved": "https://registry.npmjs.org/@metaplex-foundation/umi-downloader-http/-/umi-downloader-http-0.9.2.tgz",
      "integrity": "sha512-tzPT9hBwenzTzAQg07rmsrqZfgguAXELbcJrsYMoASp5VqWFXYIP00g94KET6XLjWUXH4P1J2zoa6hGennPXHA==",
      "peerDependencies": {
        "@metaplex-foundation/umi": "^0.9.2"
      }
    },
    "node_modules/@metaplex-foundation/umi-eddsa-web3js": {
      "version": "0.9.2",
      "resolved": "https://registry.npmjs.org/@metaplex-foundation/umi-eddsa-web3js/-/umi-eddsa-web3js-0.9.2.tgz",
      "integrity": "sha512-hhPCxXbYIp4BC4z9gK78sXpWLkNSrfv4ndhF5ruAkdIp7GcRVYKj0QnOUO6lGYGiIkNlw20yoTwOe1CT//OfTQ==",
      "dependencies": {
        "@metaplex-foundation/umi-web3js-adapters": "^0.9.2",
        "@noble/curves": "^1.0.0"
      },
      "peerDependencies": {
        "@metaplex-foundation/umi": "^0.9.2",
        "@solana/web3.js": "^1.72.0"
      }
    },
    "node_modules/@metaplex-foundation/umi-http-fetch": {
      "version": "0.9.2",
      "resolved": "https://registry.npmjs.org/@metaplex-foundation/umi-http-fetch/-/umi-http-fetch-0.9.2.tgz",
      "integrity": "sha512-YCZuBu24T9ZzEDe4+w12LEZm/fO9pkyViZufGgASC5NX93814Lvf6Ssjn/hZzjfA7CvZbvLFbmujc6CV3Q/m9Q==",
      "dependencies": {
        "node-fetch": "^2.6.7"
      },
      "peerDependencies": {
        "@metaplex-foundation/umi": "^0.9.2"
      }
    },
    "node_modules/@metaplex-foundation/umi-options": {
      "version": "0.8.9",
      "resolved": "https://registry.npmjs.org/@metaplex-foundation/umi-options/-/umi-options-0.8.9.tgz",
      "integrity": "sha512-jSQ61sZMPSAk/TXn8v8fPqtz3x8d0/blVZXLLbpVbo2/T5XobiI6/MfmlUosAjAUaQl6bHRF8aIIqZEFkJiy4A=="
    },
    "node_modules/@metaplex-foundation/umi-program-repository": {
      "version": "0.9.2",
      "resolved": "https://registry.npmjs.org/@metaplex-foundation/umi-program-repository/-/umi-program-repository-0.9.2.tgz",
      "integrity": "sha512-g3+FPqXEmYsBa8eETtUE2gb2Oe3mqac0z3/Ur1TvAg5TtIy3mzRzOy/nza+sgzejnfcxcVg835rmpBaxpBnjDA==",
      "peerDependencies": {
        "@metaplex-foundation/umi": "^0.9.2"
      }
    },
    "node_modules/@metaplex-foundation/umi-public-keys": {
      "version": "0.8.9",
      "resolved": "https://registry.npmjs.org/@metaplex-foundation/umi-public-keys/-/umi-public-keys-0.8.9.tgz",
      "integrity": "sha512-CxMzN7dgVGOq9OcNCJe2casKUpJ3RmTVoOvDFyeoTQuK+vkZ1YSSahbqC1iGuHEtKTLSjtWjKvUU6O7zWFTw3Q==",
      "dependencies": {
        "@metaplex-foundation/umi-serializers-encodings": "^0.8.9"
      }
    },
    "node_modules/@metaplex-foundation/umi-rpc-chunk-get-accounts": {
      "version": "0.9.2",
      "resolved": "https://registry.npmjs.org/@metaplex-foundation/umi-rpc-chunk-get-accounts/-/umi-rpc-chunk-get-accounts-0.9.2.tgz",
      "integrity": "sha512-YRwVf6xH0jPBAUgMhEPi+UbjioAeqTXmjsN2TnmQCPAmHbrHrMRj0rlWYwFLWAgkmoxazYrXP9lqOFRrfOGAEA==",
      "peerDependencies": {
        "@metaplex-foundation/umi": "^0.9.2"
      }
    },
    "node_modules/@metaplex-foundation/umi-rpc-web3js": {
      "version": "0.9.2",
      "resolved": "https://registry.npmjs.org/@metaplex-foundation/umi-rpc-web3js/-/umi-rpc-web3js-0.9.2.tgz",
      "integrity": "sha512-MqcsBz8B4wGl6jxsf2Jo/rAEpYReU9VCSR15QSjhvADHMmdFxCIZCCAgE+gDE2Vuanfl437VhOcP3g5Uw8C16Q==",
      "dependencies": {
        "@metaplex-foundation/umi-web3js-adapters": "^0.9.2"
      },
      "peerDependencies": {
        "@metaplex-foundation/umi": "^0.9.2",
        "@solana/web3.js": "^1.72.0"
      }
    },
    "node_modules/@metaplex-foundation/umi-serializer-data-view": {
      "version": "0.9.2",
      "resolved": "https://registry.npmjs.org/@metaplex-foundation/umi-serializer-data-view/-/umi-serializer-data-view-0.9.2.tgz",
      "integrity": "sha512-5vGptadJxUxvUcyrwFZxXlEc6Q7AYySBesizCtrBFUY8w8PnF2vzmS45CP1MLySEATNH6T9mD4Rs0tLb87iQyA==",
      "peerDependencies": {
        "@metaplex-foundation/umi": "^0.9.2"
      }
    },
    "node_modules/@metaplex-foundation/umi-serializers": {
      "version": "0.9.0",
      "resolved": "https://registry.npmjs.org/@metaplex-foundation/umi-serializers/-/umi-serializers-0.9.0.tgz",
      "integrity": "sha512-hAOW9Djl4w4ioKeR4erDZl5IG4iJdP0xA19ZomdaCbMhYAAmG/FEs5khh0uT2mq53/MnzWcXSUPoO8WBN4Q+Vg==",
      "dependencies": {
        "@metaplex-foundation/umi-options": "^0.8.9",
        "@metaplex-foundation/umi-public-keys": "^0.8.9",
        "@metaplex-foundation/umi-serializers-core": "^0.8.9",
        "@metaplex-foundation/umi-serializers-encodings": "^0.8.9",
        "@metaplex-foundation/umi-serializers-numbers": "^0.8.9"
      }
    },
    "node_modules/@metaplex-foundation/umi-serializers-core": {
      "version": "0.8.9",
      "resolved": "https://registry.npmjs.org/@metaplex-foundation/umi-serializers-core/-/umi-serializers-core-0.8.9.tgz",
      "integrity": "sha512-WT82tkiYJ0Qmscp7uTj1Hz6aWQPETwaKLAENAUN5DeWghkuBKtuxyBKVvEOuoXerJSdhiAk0e8DWA4cxcTTQ/w=="
    },
    "node_modules/@metaplex-foundation/umi-serializers-encodings": {
      "version": "0.8.9",
      "resolved": "https://registry.npmjs.org/@metaplex-foundation/umi-serializers-encodings/-/umi-serializers-encodings-0.8.9.tgz",
      "integrity": "sha512-N3VWLDTJ0bzzMKcJDL08U3FaqRmwlN79FyE4BHj6bbAaJ9LEHjDQ9RJijZyWqTm0jE7I750fU7Ow5EZL38Xi6Q==",
      "dependencies": {
        "@metaplex-foundation/umi-serializers-core": "^0.8.9"
      }
    },
    "node_modules/@metaplex-foundation/umi-serializers-numbers": {
      "version": "0.8.9",
      "resolved": "https://registry.npmjs.org/@metaplex-foundation/umi-serializers-numbers/-/umi-serializers-numbers-0.8.9.tgz",
      "integrity": "sha512-NtBf1fnVNQJHFQjLFzRu2i9GGnigb9hOm/Gfrk628d0q0tRJB7BOM3bs5C61VAs7kJs4yd+pDNVAERJkknQ7Lg==",
      "dependencies": {
        "@metaplex-foundation/umi-serializers-core": "^0.8.9"
      }
    },
    "node_modules/@metaplex-foundation/umi-transaction-factory-web3js": {
      "version": "0.9.2",
      "resolved": "https://registry.npmjs.org/@metaplex-foundation/umi-transaction-factory-web3js/-/umi-transaction-factory-web3js-0.9.2.tgz",
      "integrity": "sha512-fR1Kf21uylMFd1Smkltmj4jTNxhqSWf416owsJ+T+cvJi2VCOcOwq/3UFzOrpz78fA0RhsajKYKj0HYsRnQI1g==",
      "dependencies": {
        "@metaplex-foundation/umi-web3js-adapters": "^0.9.2"
      },
      "peerDependencies": {
        "@metaplex-foundation/umi": "^0.9.2",
        "@solana/web3.js": "^1.72.0"
      }
    },
    "node_modules/@metaplex-foundation/umi-web3js-adapters": {
      "version": "0.9.2",
      "resolved": "https://registry.npmjs.org/@metaplex-foundation/umi-web3js-adapters/-/umi-web3js-adapters-0.9.2.tgz",
      "integrity": "sha512-RQqUTtHYY9fmEMnq7s3Hiv/81flGaoI0ZVVoafnFVaQLnxU6QBKxtboRZHk43XtD9CiFh5f9izrMJX7iK7KlOA==",
      "dependencies": {
        "buffer": "^6.0.3"
      },
      "peerDependencies": {
        "@metaplex-foundation/umi": "^0.9.2",
        "@solana/web3.js": "^1.72.0"
      }
    },
    "node_modules/@noble/curves": {
      "version": "1.4.2",
      "resolved": "https://registry.npmjs.org/@noble/curves/-/curves-1.4.2.tgz",
      "integrity": "sha512-TavHr8qycMChk8UwMld0ZDRvatedkzWfH8IiaeGCfymOP5i0hSCozz9vHOL0nkwk7HRMlFnAiKpS2jrUmSybcw==",
      "dependencies": {
        "@noble/hashes": "1.4.0"
      },
      "funding": {
        "url": "https://paulmillr.com/funding/"
      }
    },
    "node_modules/@noble/hashes": {
      "version": "1.4.0",
      "resolved": "https://registry.npmjs.org/@noble/hashes/-/hashes-1.4.0.tgz",
      "integrity": "sha512-V1JJ1WTRUqHHrOSh597hURcMqVKVGL/ea3kv0gSnEdsEZ0/+VyPghM1lMNGc00z7CIQorSvbKpuJkxvuHbvdbg==",
      "engines": {
        "node": ">= 16"
      },
      "funding": {
        "url": "https://paulmillr.com/funding/"
      }
    },
    "node_modules/@solana/buffer-layout": {
      "version": "4.0.1",
      "resolved": "https://registry.npmjs.org/@solana/buffer-layout/-/buffer-layout-4.0.1.tgz",
      "integrity": "sha512-E1ImOIAD1tBZFRdjeM4/pzTiTApC0AOBGwyAMS4fwIodCWArzJ3DWdoh8cKxeFM2fElkxBh2Aqts1BPC373rHA==",
      "peer": true,
      "dependencies": {
        "buffer": "~6.0.3"
      },
      "engines": {
        "node": ">=5.10"
      }
    },
    "node_modules/@solana/web3.js": {
      "version": "1.95.1",
      "resolved": "https://registry.npmjs.org/@solana/web3.js/-/web3.js-1.95.1.tgz",
      "integrity": "sha512-mRX/AjV6QbiOXpWcy5Rz1ZWEH2lVkwO7T0pcv9t97ACpv3/i3tPiqXwk0JIZgSR3wOSTiT26JfygnJH2ulS6dQ==",
      "peer": true,
      "dependencies": {
        "@babel/runtime": "^7.24.8",
        "@noble/curves": "^1.4.2",
        "@noble/hashes": "^1.4.0",
        "@solana/buffer-layout": "^4.0.1",
        "agentkeepalive": "^4.5.0",
        "bigint-buffer": "^1.1.5",
        "bn.js": "^5.2.1",
        "borsh": "^0.7.0",
        "bs58": "^4.0.1",
        "buffer": "6.0.3",
        "fast-stable-stringify": "^1.0.0",
        "jayson": "^4.1.1",
        "node-fetch": "^2.7.0",
        "rpc-websockets": "^9.0.2",
        "superstruct": "^2.0.2"
      }
    },
    "node_modules/@swc/helpers": {
      "version": "0.5.12",
      "resolved": "https://registry.npmjs.org/@swc/helpers/-/helpers-0.5.12.tgz",
      "integrity": "sha512-KMZNXiGibsW9kvZAO1Pam2JPTDBm+KSHMMHWdsyI/1DbIZjT2A6Gy3hblVXUMEDvUAKq+e0vL0X0o54owWji7g==",
      "peer": true,
      "dependencies": {
        "tslib": "^2.4.0"
      }
    },
    "node_modules/@swc/helpers/node_modules/tslib": {
      "version": "2.6.3",
      "resolved": "https://registry.npmjs.org/tslib/-/tslib-2.6.3.tgz",
      "integrity": "sha512-xNvxJEOUiWPGhUuUdQgAJPKOOJfGnIyKySOc09XkKsgdUV/3E2zvwZYdejjmRgPCgcym1juLH3226yA7sEFJKQ==",
      "peer": true
    },
    "node_modules/@types/connect": {
      "version": "3.4.38",
      "resolved": "https://registry.npmjs.org/@types/connect/-/connect-3.4.38.tgz",
      "integrity": "sha512-K6uROf1LD88uDQqJCktA4yzL1YYAK6NgfsI0v/mTgyPKWsX1CnJ0XPSDhViejru1GcRkLWb8RlzFYJRqGUbaug==",
      "peer": true,
      "dependencies": {
        "@types/node": "*"
      }
    },
    "node_modules/@types/node": {
      "version": "12.20.55",
      "resolved": "https://registry.npmjs.org/@types/node/-/node-12.20.55.tgz",
      "integrity": "sha512-J8xLz7q2OFulZ2cyGTLE1TbbZcjpno7FaN6zdJNrgAdrJ+DZzh/uFR6YrTb4C+nXakvud8Q4+rbhoIWlYQbUFQ==",
      "peer": true
    },
    "node_modules/@types/uuid": {
      "version": "8.3.4",
      "resolved": "https://registry.npmjs.org/@types/uuid/-/uuid-8.3.4.tgz",
      "integrity": "sha512-c/I8ZRb51j+pYGAu5CrFMRxqZ2ke4y2grEBO5AUjgSkSk+qT2Ea+OdWElz/OiMf5MNpn2b17kuVBwZLQJXzihw==",
      "peer": true
    },
    "node_modules/@types/ws": {
      "version": "7.4.7",
      "resolved": "https://registry.npmjs.org/@types/ws/-/ws-7.4.7.tgz",
      "integrity": "sha512-JQbbmxZTZehdc2iszGKs5oC3NFnjeay7mtAWrdt7qNtAVK0g19muApzAy4bm9byz79xa2ZnO/BOBC2R8RC5Lww==",
      "peer": true,
      "dependencies": {
        "@types/node": "*"
      }
    },
    "node_modules/agentkeepalive": {
      "version": "4.5.0",
      "resolved": "https://registry.npmjs.org/agentkeepalive/-/agentkeepalive-4.5.0.tgz",
      "integrity": "sha512-5GG/5IbQQpC9FpkRGsSvZI5QYeSCzlJHdpBQntCsuTOxhKD8lqKhrleg2Yi7yvMIf82Ycmmqln9U8V9qwEiJew==",
      "peer": true,
      "dependencies": {
        "humanize-ms": "^1.2.1"
      },
      "engines": {
        "node": ">= 8.0.0"
      }
    },
    "node_modules/ansi-styles": {
      "version": "3.2.1",
      "resolved": "https://registry.npmjs.org/ansi-styles/-/ansi-styles-3.2.1.tgz",
      "integrity": "sha512-VT0ZI6kZRdTh8YyJw3SMbYm/u+NqfsAxEpWO0Pf9sq8/e94WxxOpPKx9FR1FlyCtOVDNOQ+8ntlqFxiRc+r5qA==",
      "dev": true,
      "dependencies": {
        "color-convert": "^1.9.0"
      },
      "engines": {
        "node": ">=4"
      }
    },
    "node_modules/argparse": {
      "version": "1.0.10",
      "resolved": "https://registry.npmjs.org/argparse/-/argparse-1.0.10.tgz",
      "integrity": "sha512-o5Roy6tNG4SL/FOkCAN6RzjiakZS25RLYFrcMttJqbdd8BWrnA+fGz57iN5Pb06pvBGvl5gQ0B48dJlslXvoTg==",
      "dev": true,
      "dependencies": {
        "sprintf-js": "~1.0.2"
      }
    },
    "node_modules/balanced-match": {
      "version": "1.0.2",
      "resolved": "https://registry.npmjs.org/balanced-match/-/balanced-match-1.0.2.tgz",
      "integrity": "sha512-3oSeUO0TMV67hN1AmbXsK4yaqU7tjiHlbxRDZOpH0KW9+CeX4bRAaX0Anxt0tx2MrpRpWwQaPwIlISEJhYU5Pw==",
      "dev": true
    },
    "node_modules/base-x": {
      "version": "3.0.10",
      "resolved": "https://registry.npmjs.org/base-x/-/base-x-3.0.10.tgz",
      "integrity": "sha512-7d0s06rR9rYaIWHkpfLIFICM/tkSVdoPC9qYAQRpxn9DdKNWNsKC0uk++akckyLq16Tx2WIinnZ6WRriAt6njQ==",
      "peer": true,
      "dependencies": {
        "safe-buffer": "^5.0.1"
      }
    },
    "node_modules/base64-js": {
      "version": "1.5.1",
      "resolved": "https://registry.npmjs.org/base64-js/-/base64-js-1.5.1.tgz",
      "integrity": "sha512-AKpaYlHn8t4SVbOHCy+b5+KKgvR4vrsD8vbvrbiQJps7fKDTkjkDry6ji0rUJjC0kzbNePLwzxq8iypo41qeWA==",
      "funding": [
        {
          "type": "github",
          "url": "https://github.com/sponsors/feross"
        },
        {
          "type": "patreon",
          "url": "https://www.patreon.com/feross"
        },
        {
          "type": "consulting",
          "url": "https://feross.org/support"
        }
      ]
    },
    "node_modules/bigint-buffer": {
      "version": "1.1.5",
      "resolved": "https://registry.npmjs.org/bigint-buffer/-/bigint-buffer-1.1.5.tgz",
      "integrity": "sha512-trfYco6AoZ+rKhKnxA0hgX0HAbVP/s808/EuDSe2JDzUnCp/xAsli35Orvk67UrTEcwuxZqYZDmfA2RXJgxVvA==",
      "hasInstallScript": true,
      "peer": true,
      "dependencies": {
        "bindings": "^1.3.0"
      },
      "engines": {
        "node": ">= 10.0.0"
      }
    },
    "node_modules/bindings": {
      "version": "1.5.0",
      "resolved": "https://registry.npmjs.org/bindings/-/bindings-1.5.0.tgz",
      "integrity": "sha512-p2q/t/mhvuOj/UeLlV6566GD/guowlr0hHxClI0W9m7MWYkL1F0hLo+0Aexs9HSPCtR1SXQ0TD3MMKrXZajbiQ==",
      "peer": true,
      "dependencies": {
        "file-uri-to-path": "1.0.0"
      }
    },
    "node_modules/bn.js": {
      "version": "5.2.1",
      "resolved": "https://registry.npmjs.org/bn.js/-/bn.js-5.2.1.tgz",
      "integrity": "sha512-eXRvHzWyYPBuB4NBy0cmYQjGitUrtqwbvlzP3G6VFnNRbsZQIxQ10PbKKHt8gZ/HW/D/747aDl+QkDqg3KQLMQ==",
      "peer": true
    },
    "node_modules/borsh": {
      "version": "0.7.0",
      "resolved": "https://registry.npmjs.org/borsh/-/borsh-0.7.0.tgz",
      "integrity": "sha512-CLCsZGIBCFnPtkNnieW/a8wmreDmfUtjU2m9yHrzPXIlNbqVs0AQrSatSG6vdNYUqdc83tkQi2eHfF98ubzQLA==",
      "peer": true,
      "dependencies": {
        "bn.js": "^5.2.0",
        "bs58": "^4.0.0",
        "text-encoding-utf-8": "^1.0.2"
      }
    },
    "node_modules/brace-expansion": {
      "version": "1.1.11",
      "resolved": "https://registry.npmjs.org/brace-expansion/-/brace-expansion-1.1.11.tgz",
      "integrity": "sha512-iCuPHDFgrHX7H2vEI/5xpz07zSHB00TpugqhmYtVmMO6518mCuRMoOYFldEBl0g187ufozdaHgWKcYFb61qGiA==",
      "dev": true,
      "dependencies": {
        "balanced-match": "^1.0.0",
        "concat-map": "0.0.1"
      }
    },
    "node_modules/bs58": {
      "version": "4.0.1",
      "resolved": "https://registry.npmjs.org/bs58/-/bs58-4.0.1.tgz",
      "integrity": "sha512-Ok3Wdf5vOIlBrgCvTq96gBkJw+JUEzdBgyaza5HLtPm7yTHkjRy8+JzNyHF7BHa0bNWOQIp3m5YF0nnFcOIKLw==",
      "peer": true,
      "dependencies": {
        "base-x": "^3.0.2"
      }
    },
    "node_modules/buffer": {
      "version": "6.0.3",
      "resolved": "https://registry.npmjs.org/buffer/-/buffer-6.0.3.tgz",
      "integrity": "sha512-FTiCpNxtwiZZHEZbcbTIcZjERVICn9yq/pDFkTl95/AxzD1naBctN7YO68riM/gLSDY7sdrMby8hofADYuuqOA==",
      "funding": [
        {
          "type": "github",
          "url": "https://github.com/sponsors/feross"
        },
        {
          "type": "patreon",
          "url": "https://www.patreon.com/feross"
        },
        {
          "type": "consulting",
          "url": "https://feross.org/support"
        }
      ],
      "dependencies": {
        "base64-js": "^1.3.1",
        "ieee754": "^1.2.1"
      }
    },
    "node_modules/bufferutil": {
      "version": "4.0.8",
      "resolved": "https://registry.npmjs.org/bufferutil/-/bufferutil-4.0.8.tgz",
      "integrity": "sha512-4T53u4PdgsXqKaIctwF8ifXlRTTmEPJ8iEPWFdGZvcf7sbwYo6FKFEX9eNNAnzFZ7EzJAQ3CJeOtCRA4rDp7Pw==",
      "hasInstallScript": true,
      "optional": true,
      "peer": true,
      "dependencies": {
        "node-gyp-build": "^4.3.0"
      },
      "engines": {
        "node": ">=6.14.2"
      }
    },
    "node_modules/builtin-modules": {
      "version": "1.1.1",
      "resolved": "https://registry.npmjs.org/builtin-modules/-/builtin-modules-1.1.1.tgz",
      "integrity": "sha512-wxXCdllwGhI2kCC0MnvTGYTMvnVZTvqgypkiTI8Pa5tcz2i6VqsqwYGgqwXji+4RgCzms6EajE4IxiUH6HH8nQ==",
      "dev": true,
      "engines": {
        "node": ">=0.10.0"
      }
    },
    "node_modules/chalk": {
      "version": "2.4.2",
      "resolved": "https://registry.npmjs.org/chalk/-/chalk-2.4.2.tgz",
      "integrity": "sha512-Mti+f9lpJNcwF4tWV8/OrTTtF1gZi+f8FqlyAdouralcFWFQWF2+NgCHShjkCb+IFBLq9buZwE1xckQU4peSuQ==",
      "dev": true,
      "dependencies": {
        "ansi-styles": "^3.2.1",
        "escape-string-regexp": "^1.0.5",
        "supports-color": "^5.3.0"
      },
      "engines": {
        "node": ">=4"
      }
    },
    "node_modules/color-convert": {
      "version": "1.9.3",
      "resolved": "https://registry.npmjs.org/color-convert/-/color-convert-1.9.3.tgz",
      "integrity": "sha512-QfAUtd+vFdAtFQcC8CCyYt1fYWxSqAiK2cSD6zDB8N3cpsEBAvRxp9zOGg6G/SHHJYAT88/az/IuDGALsNVbGg==",
      "dev": true,
      "dependencies": {
        "color-name": "1.1.3"
      }
    },
    "node_modules/color-name": {
      "version": "1.1.3",
      "resolved": "https://registry.npmjs.org/color-name/-/color-name-1.1.3.tgz",
      "integrity": "sha512-72fSenhMw2HZMTVHeCA9KCmpEIbzWiQsjN+BHcBbS9vr1mtt+vJjPdksIBNUmKAW8TFUDPJK5SUU3QhE9NEXDw==",
      "dev": true
    },
    "node_modules/commander": {
      "version": "2.20.3",
      "resolved": "https://registry.npmjs.org/commander/-/commander-2.20.3.tgz",
      "integrity": "sha512-GpVkmM8vF2vQUkj2LvZmD35JxeJOLCwJ9cUkugyk2nuhbv3+mJvpLYYt+0+USMxE+oj+ey/lJEnhZw75x/OMcQ=="
    },
    "node_modules/concat-map": {
      "version": "0.0.1",
      "resolved": "https://registry.npmjs.org/concat-map/-/concat-map-0.0.1.tgz",
      "integrity": "sha512-/Srv4dswyQNBfohGpz9o6Yb3Gz3SrUDqBH5rTuhGR7ahtlbYKnVxw2bCFMRljaA7EXHaXZ8wsHdodFvbkhKmqg==",
      "dev": true
    },
    "node_modules/delay": {
      "version": "5.0.0",
      "resolved": "https://registry.npmjs.org/delay/-/delay-5.0.0.tgz",
      "integrity": "sha512-ReEBKkIfe4ya47wlPYf/gu5ib6yUG0/Aez0JQZQz94kiWtRQvZIQbTiehsnwHvLSWJnQdhVeqYue7Id1dKr0qw==",
      "peer": true,
      "engines": {
        "node": ">=10"
      },
      "funding": {
        "url": "https://github.com/sponsors/sindresorhus"
      }
    },
    "node_modules/diff": {
      "version": "4.0.2",
      "resolved": "https://registry.npmjs.org/diff/-/diff-4.0.2.tgz",
      "integrity": "sha512-58lmxKSA4BNyLz+HHMUzlOEpg09FV+ev6ZMe3vJihgdxzgcwZ8VoEEPmALCZG9LmqfVoNMMKpttIYTVG6uDY7A==",
      "dev": true,
      "engines": {
        "node": ">=0.3.1"
      }
    },
    "node_modules/es6-promise": {
      "version": "4.2.8",
      "resolved": "https://registry.npmjs.org/es6-promise/-/es6-promise-4.2.8.tgz",
      "integrity": "sha512-HJDGx5daxeIvxdBxvG2cb9g4tEvwIk3i8+nhX0yGrYmZUzbkdg8QbDevheDB8gd0//uPj4c1EQua8Q+MViT0/w==",
      "peer": true
    },
    "node_modules/es6-promisify": {
      "version": "5.0.0",
      "resolved": "https://registry.npmjs.org/es6-promisify/-/es6-promisify-5.0.0.tgz",
      "integrity": "sha512-C+d6UdsYDk0lMebHNR4S2NybQMMngAOnOwYBQjTOiv0MkoJMP0Myw2mgpDLBcpfCmRLxyFqYhS/CfOENq4SJhQ==",
      "peer": true,
      "dependencies": {
        "es6-promise": "^4.0.3"
      }
    },
    "node_modules/escape-string-regexp": {
      "version": "1.0.5",
      "resolved": "https://registry.npmjs.org/escape-string-regexp/-/escape-string-regexp-1.0.5.tgz",
      "integrity": "sha512-vbRorB5FUQWvla16U8R/qgaFIya2qGzwDrNmCZuYKrbdSUMG6I1ZCGQRefkRVhuOkIGVne7BQ35DSfo1qvJqFg==",
      "dev": true,
      "engines": {
        "node": ">=0.8.0"
      }
    },
    "node_modules/esprima": {
      "version": "4.0.1",
      "resolved": "https://registry.npmjs.org/esprima/-/esprima-4.0.1.tgz",
      "integrity": "sha512-eGuFFw7Upda+g4p+QHvnW0RyTX/SVeJBDM/gCtMARO0cLuT2HcEKnTPvhjV6aGeqrCB/sbNop0Kszm0jsaWU4A==",
      "dev": true,
      "bin": {
        "esparse": "bin/esparse.js",
        "esvalidate": "bin/esvalidate.js"
      },
      "engines": {
        "node": ">=4"
      }
    },
    "node_modules/eventemitter3": {
      "version": "5.0.1",
      "resolved": "https://registry.npmjs.org/eventemitter3/-/eventemitter3-5.0.1.tgz",
      "integrity": "sha512-GWkBvjiSZK87ELrYOSESUYeVIc9mvLLf/nXalMOS5dYrgZq9o5OVkbZAVM06CVxYsCwH9BDZFPlQTlPA1j4ahA==",
      "peer": true
    },
    "node_modules/eyes": {
      "version": "0.1.8",
      "resolved": "https://registry.npmjs.org/eyes/-/eyes-0.1.8.tgz",
      "integrity": "sha512-GipyPsXO1anza0AOZdy69Im7hGFCNB7Y/NGjDlZGJ3GJJLtwNSb2vrzYrTYJRrRloVx7pl+bhUaTB8yiccPvFQ==",
      "peer": true,
      "engines": {
        "node": "> 0.1.90"
      }
    },
    "node_modules/fast-stable-stringify": {
      "version": "1.0.0",
      "resolved": "https://registry.npmjs.org/fast-stable-stringify/-/fast-stable-stringify-1.0.0.tgz",
      "integrity": "sha512-wpYMUmFu5f00Sm0cj2pfivpmawLZ0NKdviQ4w9zJeR8JVtOpOxHmLaJuj0vxvGqMJQWyP/COUkF75/57OKyRag==",
      "peer": true
    },
    "node_modules/file-uri-to-path": {
      "version": "1.0.0",
      "resolved": "https://registry.npmjs.org/file-uri-to-path/-/file-uri-to-path-1.0.0.tgz",
      "integrity": "sha512-0Zt+s3L7Vf1biwWZ29aARiVYLx7iMGnEUl9x33fbB/j3jR81u/O2LbqK+Bm1CDSNDKVtJ/YjwY7TUd5SkeLQLw==",
      "peer": true
    },
    "node_modules/fs.realpath": {
      "version": "1.0.0",
      "resolved": "https://registry.npmjs.org/fs.realpath/-/fs.realpath-1.0.0.tgz",
      "integrity": "sha512-OO0pH2lK6a0hZnAdau5ItzHPI6pUlvI7jMVnxUQRtw4owF2wk8lOSabtGDCTP4Ggrg2MbGnWO9X8K1t4+fGMDw==",
      "dev": true
    },
    "node_modules/function-bind": {
      "version": "1.1.2",
      "resolved": "https://registry.npmjs.org/function-bind/-/function-bind-1.1.2.tgz",
      "integrity": "sha512-7XHNxH7qX9xG5mIwxkhumTox/MIRNcOgDrxWsMt2pAr23WHp6MrRlN7FBSFpCpr+oVO0F744iUgR82nJMfG2SA==",
      "dev": true,
      "funding": {
        "url": "https://github.com/sponsors/ljharb"
      }
    },
    "node_modules/glob": {
      "version": "7.2.3",
      "resolved": "https://registry.npmjs.org/glob/-/glob-7.2.3.tgz",
      "integrity": "sha512-nFR0zLpU2YCaRxwoCJvL6UvCH2JFyFVIvwTLsIf21AuHlMskA1hhTdk+LlYJtOlYt9v6dvszD2BGRqBL+iQK9Q==",
      "deprecated": "Glob versions prior to v9 are no longer supported",
      "dev": true,
      "dependencies": {
        "fs.realpath": "^1.0.0",
        "inflight": "^1.0.4",
        "inherits": "2",
        "minimatch": "^3.1.1",
        "once": "^1.3.0",
        "path-is-absolute": "^1.0.0"
      },
      "engines": {
        "node": "*"
      },
      "funding": {
        "url": "https://github.com/sponsors/isaacs"
      }
    },
    "node_modules/has-flag": {
      "version": "3.0.0",
      "resolved": "https://registry.npmjs.org/has-flag/-/has-flag-3.0.0.tgz",
      "integrity": "sha512-sKJf1+ceQBr4SMkvQnBDNDtf4TXpVhVGateu0t918bl30FnbE2m4vNLX+VWe/dpjlb+HugGYzW7uQXH98HPEYw==",
      "dev": true,
      "engines": {
        "node": ">=4"
      }
    },
    "node_modules/hasown": {
      "version": "2.0.2",
      "resolved": "https://registry.npmjs.org/hasown/-/hasown-2.0.2.tgz",
      "integrity": "sha512-0hJU9SCPvmMzIBdZFqNPXWa6dqh7WdH0cII9y+CyS8rG3nL48Bclra9HmKhVVUHyPWNH5Y7xDwAB7bfgSjkUMQ==",
      "dev": true,
      "dependencies": {
        "function-bind": "^1.1.2"
      },
      "engines": {
        "node": ">= 0.4"
      }
    },
    "node_modules/humanize-ms": {
      "version": "1.2.1",
      "resolved": "https://registry.npmjs.org/humanize-ms/-/humanize-ms-1.2.1.tgz",
      "integrity": "sha512-Fl70vYtsAFb/C06PTS9dZBo7ihau+Tu/DNCk/OyHhea07S+aeMWpFFkUaXRa8fI+ScZbEI8dfSxwY7gxZ9SAVQ==",
      "peer": true,
      "dependencies": {
        "ms": "^2.0.0"
      }
    },
    "node_modules/ieee754": {
      "version": "1.2.1",
      "resolved": "https://registry.npmjs.org/ieee754/-/ieee754-1.2.1.tgz",
      "integrity": "sha512-dcyqhDvX1C46lXZcVqCpK+FtMRQVdIMN6/Df5js2zouUsqG7I6sFxitIC+7KYK29KdXOLHdu9zL4sFnoVQnqaA==",
      "funding": [
        {
          "type": "github",
          "url": "https://github.com/sponsors/feross"
        },
        {
          "type": "patreon",
          "url": "https://www.patreon.com/feross"
        },
        {
          "type": "consulting",
          "url": "https://feross.org/support"
        }
      ]
    },
    "node_modules/inflight": {
      "version": "1.0.6",
      "resolved": "https://registry.npmjs.org/inflight/-/inflight-1.0.6.tgz",
      "integrity": "sha512-k92I/b08q4wvFscXCLvqfsHCrjrF7yiXsQuIVvVE7N82W3+aqpzuUdBbfhWcy/FZR3/4IgflMgKLOsvPDrGCJA==",
      "deprecated": "This module is not supported, and leaks memory. Do not use it. Check out lru-cache if you want a good and tested way to coalesce async requests by a key value, which is much more comprehensive and powerful.",
      "dev": true,
      "dependencies": {
        "once": "^1.3.0",
        "wrappy": "1"
      }
    },
    "node_modules/inherits": {
      "version": "2.0.4",
      "resolved": "https://registry.npmjs.org/inherits/-/inherits-2.0.4.tgz",
      "integrity": "sha512-k/vGaX4/Yla3WzyMCvTQOXYeIHvqOKtnqBduzTHpzpQZzAskKMhZ2K+EnBiSM9zGSoIFeMpXKxa4dYeZIQqewQ==",
      "dev": true
    },
    "node_modules/is-core-module": {
      "version": "2.15.0",
      "resolved": "https://registry.npmjs.org/is-core-module/-/is-core-module-2.15.0.tgz",
      "integrity": "sha512-Dd+Lb2/zvk9SKy1TGCt1wFJFo/MWBPMX5x7KcvLajWTGuomczdQX61PvY5yK6SVACwpoexWo81IfFyoKY2QnTA==",
      "dev": true,
      "dependencies": {
        "hasown": "^2.0.2"
      },
      "engines": {
        "node": ">= 0.4"
      },
      "funding": {
        "url": "https://github.com/sponsors/ljharb"
      }
    },
    "node_modules/isomorphic-ws": {
      "version": "4.0.1",
      "resolved": "https://registry.npmjs.org/isomorphic-ws/-/isomorphic-ws-4.0.1.tgz",
      "integrity": "sha512-BhBvN2MBpWTaSHdWRb/bwdZJ1WaehQ2L1KngkCkfLUGF0mAWAT1sQUQacEmQ0jXkFw/czDXPNQSL5u2/Krsz1w==",
      "peer": true,
      "peerDependencies": {
        "ws": "*"
      }
    },
    "node_modules/jayson": {
      "version": "4.1.1",
      "resolved": "https://registry.npmjs.org/jayson/-/jayson-4.1.1.tgz",
      "integrity": "sha512-5ZWm4Q/0DHPyeMfAsrwViwUS2DMVsQgWh8bEEIVTkfb3DzHZ2L3G5WUnF+AKmGjjM9r1uAv73SaqC1/U4RL45w==",
      "peer": true,
      "dependencies": {
        "@types/connect": "^3.4.33",
        "@types/node": "^12.12.54",
        "@types/ws": "^7.4.4",
        "commander": "^2.20.3",
        "delay": "^5.0.0",
        "es6-promisify": "^5.0.0",
        "eyes": "^0.1.8",
        "isomorphic-ws": "^4.0.1",
        "json-stringify-safe": "^5.0.1",
        "JSONStream": "^1.3.5",
        "uuid": "^8.3.2",
        "ws": "^7.5.10"
      },
      "bin": {
        "jayson": "bin/jayson.js"
      },
      "engines": {
        "node": ">=8"
      }
    },
    "node_modules/js-tokens": {
      "version": "4.0.0",
      "resolved": "https://registry.npmjs.org/js-tokens/-/js-tokens-4.0.0.tgz",
      "integrity": "sha512-RdJUflcE3cUzKiMqQgsCu06FPu9UdIJO0beYbPhHN4k6apgJtifcoCtT9bcxOpYBtpD2kCM6Sbzg4CausW/PKQ==",
      "dev": true
    },
    "node_modules/js-yaml": {
      "version": "3.14.1",
      "resolved": "https://registry.npmjs.org/js-yaml/-/js-yaml-3.14.1.tgz",
      "integrity": "sha512-okMH7OXXJ7YrN9Ok3/SXrnu4iX9yOk+25nqX4imS2npuvTYDmo/QEZoqwZkYaIDk3jVvBOTOIEgEhaLOynBS9g==",
      "dev": true,
      "dependencies": {
        "argparse": "^1.0.7",
        "esprima": "^4.0.0"
      },
      "bin": {
        "js-yaml": "bin/js-yaml.js"
      }
    },
    "node_modules/json-stringify-safe": {
      "version": "5.0.1",
      "resolved": "https://registry.npmjs.org/json-stringify-safe/-/json-stringify-safe-5.0.1.tgz",
      "integrity": "sha512-ZClg6AaYvamvYEE82d3Iyd3vSSIjQ+odgjaTzRuO3s7toCdFKczob2i0zCh7JE8kWn17yvAWhUVxvqGwUalsRA==",
      "peer": true
    },
    "node_modules/jsonparse": {
      "version": "1.3.1",
      "resolved": "https://registry.npmjs.org/jsonparse/-/jsonparse-1.3.1.tgz",
      "integrity": "sha512-POQXvpdL69+CluYsillJ7SUhKvytYjW9vG/GKpnf+xP8UWgYEM/RaMzHHofbALDiKbbP1W8UEYmgGl39WkPZsg==",
      "engines": [
        "node >= 0.2.0"
      ],
      "peer": true
    },
    "node_modules/JSONStream": {
      "version": "1.3.5",
      "resolved": "https://registry.npmjs.org/JSONStream/-/JSONStream-1.3.5.tgz",
      "integrity": "sha512-E+iruNOY8VV9s4JEbe1aNEm6MiszPRr/UfcHMz0TQh1BXSxHK+ASV1R6W4HpjBhSeS+54PIsAMCBmwD06LLsqQ==",
      "peer": true,
      "dependencies": {
        "jsonparse": "^1.2.0",
        "through": ">=2.2.7 <3"
      },
      "bin": {
        "JSONStream": "bin.js"
      },
      "engines": {
        "node": "*"
      }
    },
    "node_modules/minimatch": {
      "version": "3.1.2",
      "resolved": "https://registry.npmjs.org/minimatch/-/minimatch-3.1.2.tgz",
      "integrity": "sha512-J7p63hRiAjw1NDEww1W7i37+ByIrOWO5XQQAzZ3VOcL0PNybwpfmV/N05zFAzwQ9USyEcX6t3UO+K5aqBQOIHw==",
      "dev": true,
      "dependencies": {
        "brace-expansion": "^1.1.7"
      },
      "engines": {
        "node": "*"
      }
    },
    "node_modules/minimist": {
      "version": "1.2.8",
      "resolved": "https://registry.npmjs.org/minimist/-/minimist-1.2.8.tgz",
      "integrity": "sha512-2yyAR8qBkN3YuheJanUpWC5U3bb5osDywNB8RzDVlDwDHbocAJveqqj1u8+SVD7jkWT4yvsHCpWqqWqAxb0zCA==",
      "dev": true,
      "funding": {
        "url": "https://github.com/sponsors/ljharb"
      }
    },
    "node_modules/mkdirp": {
      "version": "0.5.6",
      "resolved": "https://registry.npmjs.org/mkdirp/-/mkdirp-0.5.6.tgz",
      "integrity": "sha512-FP+p8RB8OWpF3YZBCrP5gtADmtXApB5AMLn+vdyA+PyxCjrCs00mjyUozssO33cwDeT3wNGdLxJ5M//YqtHAJw==",
      "dev": true,
      "dependencies": {
        "minimist": "^1.2.6"
      },
      "bin": {
        "mkdirp": "bin/cmd.js"
      }
    },
    "node_modules/ms": {
      "version": "2.1.3",
      "resolved": "https://registry.npmjs.org/ms/-/ms-2.1.3.tgz",
      "integrity": "sha512-6FlzubTLZG3J2a/NVCAleEhjzq5oxgHyaCU9yYXvcLsvoVaHJq/s5xXI6/XXP6tz7R9xAOtHnSO/tXtF3WRTlA==",
      "peer": true
    },
    "node_modules/node-fetch": {
      "version": "2.7.0",
      "resolved": "https://registry.npmjs.org/node-fetch/-/node-fetch-2.7.0.tgz",
      "integrity": "sha512-c4FRfUm/dbcWZ7U+1Wq0AwCyFL+3nt2bEw05wfxSz+DWpWsitgmSgYmy2dQdWyKC1694ELPqMs/YzUSNozLt8A==",
      "dependencies": {
        "whatwg-url": "^5.0.0"
      },
      "engines": {
        "node": "4.x || >=6.0.0"
      },
      "peerDependencies": {
        "encoding": "^0.1.0"
      },
      "peerDependenciesMeta": {
        "encoding": {
          "optional": true
        }
      }
    },
    "node_modules/node-gyp-build": {
      "version": "4.8.1",
      "resolved": "https://registry.npmjs.org/node-gyp-build/-/node-gyp-build-4.8.1.tgz",
      "integrity": "sha512-OSs33Z9yWr148JZcbZd5WiAXhh/n9z8TxQcdMhIOlpN9AhWpLfvVFO73+m77bBABQMaY9XSvIa+qk0jlI7Gcaw==",
      "optional": true,
      "peer": true,
      "bin": {
        "node-gyp-build": "bin.js",
        "node-gyp-build-optional": "optional.js",
        "node-gyp-build-test": "build-test.js"
      }
    },
    "node_modules/once": {
      "version": "1.4.0",
      "resolved": "https://registry.npmjs.org/once/-/once-1.4.0.tgz",
      "integrity": "sha512-lNaJgI+2Q5URQBkccEKHTQOPaXdUxnZZElQTZY0MFUAuaEqe1E+Nyvgdz/aIyNi6Z9MzO5dv1H8n58/GELp3+w==",
      "dev": true,
      "dependencies": {
        "wrappy": "1"
      }
    },
    "node_modules/path-is-absolute": {
      "version": "1.0.1",
      "resolved": "https://registry.npmjs.org/path-is-absolute/-/path-is-absolute-1.0.1.tgz",
      "integrity": "sha512-AVbw3UJ2e9bq64vSaS9Am0fje1Pa8pbGqTTsmXfaIiMpnr5DlDhfJOuLj9Sf95ZPVDAUerDfEk88MPmPe7UCQg==",
      "dev": true,
      "engines": {
        "node": ">=0.10.0"
      }
    },
    "node_modules/path-parse": {
      "version": "1.0.7",
      "resolved": "https://registry.npmjs.org/path-parse/-/path-parse-1.0.7.tgz",
      "integrity": "sha512-LDJzPVEEEPR+y48z93A0Ed0yXb8pAByGWo/k5YYdYgpY2/2EsOsksJrq7lOHxryrVOn1ejG6oAp8ahvOIQD8sw==",
      "dev": true
    },
    "node_modules/picocolors": {
      "version": "1.0.1",
      "resolved": "https://registry.npmjs.org/picocolors/-/picocolors-1.0.1.tgz",
      "integrity": "sha512-anP1Z8qwhkbmu7MFP5iTt+wQKXgwzf7zTyGlcdzabySa9vd0Xt392U0rVmz9poOaBj0uHJKyyo9/upk0HrEQew==",
      "dev": true
    },
    "node_modules/regenerator-runtime": {
      "version": "0.14.1",
      "resolved": "https://registry.npmjs.org/regenerator-runtime/-/regenerator-runtime-0.14.1.tgz",
      "integrity": "sha512-dYnhHh0nJoMfnkZs6GmmhFknAGRrLznOu5nc9ML+EJxGvrx6H7teuevqVqCuPcPK//3eDrrjQhehXVx9cnkGdw==",
      "peer": true
    },
    "node_modules/resolve": {
      "version": "1.22.8",
      "resolved": "https://registry.npmjs.org/resolve/-/resolve-1.22.8.tgz",
      "integrity": "sha512-oKWePCxqpd6FlLvGV1VU0x7bkPmmCNolxzjMf4NczoDnQcIWrAF+cPtZn5i6n+RfD2d9i0tzpKnG6Yk168yIyw==",
      "dev": true,
      "dependencies": {
        "is-core-module": "^2.13.0",
        "path-parse": "^1.0.7",
        "supports-preserve-symlinks-flag": "^1.0.0"
      },
      "bin": {
        "resolve": "bin/resolve"
      },
      "funding": {
        "url": "https://github.com/sponsors/ljharb"
      }
    },
    "node_modules/rpc-websockets": {
      "version": "9.0.2",
      "resolved": "https://registry.npmjs.org/rpc-websockets/-/rpc-websockets-9.0.2.tgz",
      "integrity": "sha512-YzggvfItxMY3Lwuax5rC18inhbjJv9Py7JXRHxTIi94JOLrqBsSsUUc5bbl5W6c11tXhdfpDPK0KzBhoGe8jjw==",
      "peer": true,
      "dependencies": {
        "@swc/helpers": "^0.5.11",
        "@types/uuid": "^8.3.4",
        "@types/ws": "^8.2.2",
        "buffer": "^6.0.3",
        "eventemitter3": "^5.0.1",
        "uuid": "^8.3.2",
        "ws": "^8.5.0"
      },
      "funding": {
        "type": "paypal",
        "url": "https://paypal.me/kozjak"
      },
      "optionalDependencies": {
        "bufferutil": "^4.0.1",
        "utf-8-validate": "^5.0.2"
      }
    },
    "node_modules/rpc-websockets/node_modules/@types/ws": {
      "version": "8.5.11",
      "resolved": "https://registry.npmjs.org/@types/ws/-/ws-8.5.11.tgz",
      "integrity": "sha512-4+q7P5h3SpJxaBft0Dzpbr6lmMaqh0Jr2tbhJZ/luAwvD7ohSCniYkwz/pLxuT2h0EOa6QADgJj1Ko+TzRfZ+w==",
      "peer": true,
      "dependencies": {
        "@types/node": "*"
      }
    },
    "node_modules/rpc-websockets/node_modules/ws": {
      "version": "8.18.0",
      "resolved": "https://registry.npmjs.org/ws/-/ws-8.18.0.tgz",
      "integrity": "sha512-8VbfWfHLbbwu3+N6OKsOMpBdT4kXPDDB9cJk2bJ6mh9ucxdlnNvH1e+roYkKmN9Nxw2yjz7VzeO9oOz2zJ04Pw==",
      "peer": true,
      "engines": {
        "node": ">=10.0.0"
      },
      "peerDependencies": {
        "bufferutil": "^4.0.1",
        "utf-8-validate": ">=5.0.2"
      },
      "peerDependenciesMeta": {
        "bufferutil": {
          "optional": true
        },
        "utf-8-validate": {
          "optional": true
        }
      }
    },
    "node_modules/safe-buffer": {
      "version": "5.2.1",
      "resolved": "https://registry.npmjs.org/safe-buffer/-/safe-buffer-5.2.1.tgz",
      "integrity": "sha512-rp3So07KcdmmKbGvgaNxQSJr7bGVSVk5S9Eq1F+ppbRo70+YeaDxkw5Dd8NPN+GD6bjnYm2VuPuCXmpuYvmCXQ==",
      "funding": [
        {
          "type": "github",
          "url": "https://github.com/sponsors/feross"
        },
        {
          "type": "patreon",
          "url": "https://www.patreon.com/feross"
        },
        {
          "type": "consulting",
          "url": "https://feross.org/support"
        }
      ],
      "peer": true
    },
    "node_modules/semver": {
      "version": "5.7.2",
      "resolved": "https://registry.npmjs.org/semver/-/semver-5.7.2.tgz",
      "integrity": "sha512-cBznnQ9KjJqU67B52RMC65CMarK2600WFnbkcaiwWq3xy/5haFJlshgnpjovMVJ+Hff49d8GEn0b87C5pDQ10g==",
      "dev": true,
      "bin": {
        "semver": "bin/semver"
      }
    },
    "node_modules/sprintf-js": {
      "version": "1.0.3",
      "resolved": "https://registry.npmjs.org/sprintf-js/-/sprintf-js-1.0.3.tgz",
      "integrity": "sha512-D9cPgkvLlV3t3IzL0D0YLvGA9Ahk4PcvVwUbN0dSGr1aP0Nrt4AEnTUbuGvquEC0mA64Gqt1fzirlRs5ibXx8g==",
      "dev": true
    },
    "node_modules/superstruct": {
      "version": "2.0.2",
      "resolved": "https://registry.npmjs.org/superstruct/-/superstruct-2.0.2.tgz",
      "integrity": "sha512-uV+TFRZdXsqXTL2pRvujROjdZQ4RAlBUS5BTh9IGm+jTqQntYThciG/qu57Gs69yjnVUSqdxF9YLmSnpupBW9A==",
      "peer": true,
      "engines": {
        "node": ">=14.0.0"
      }
    },
    "node_modules/supports-color": {
      "version": "5.5.0",
      "resolved": "https://registry.npmjs.org/supports-color/-/supports-color-5.5.0.tgz",
      "integrity": "sha512-QjVjwdXIt408MIiAqCX4oUKsgU2EqAGzs2Ppkm4aQYbjm+ZEWEcW4SfFNTr4uMNZma0ey4f5lgLrkB0aX0QMow==",
      "dev": true,
      "dependencies": {
        "has-flag": "^3.0.0"
      },
      "engines": {
        "node": ">=4"
      }
    },
    "node_modules/supports-preserve-symlinks-flag": {
      "version": "1.0.0",
      "resolved": "https://registry.npmjs.org/supports-preserve-symlinks-flag/-/supports-preserve-symlinks-flag-1.0.0.tgz",
      "integrity": "sha512-ot0WnXS9fgdkgIcePe6RHNk1WA8+muPa6cSjeR3V8K27q9BB1rTE3R1p7Hv0z1ZyAc8s6Vvv8DIyWf681MAt0w==",
      "dev": true,
      "engines": {
        "node": ">= 0.4"
      },
      "funding": {
        "url": "https://github.com/sponsors/ljharb"
      }
    },
    "node_modules/text-encoding-utf-8": {
      "version": "1.0.2",
      "resolved": "https://registry.npmjs.org/text-encoding-utf-8/-/text-encoding-utf-8-1.0.2.tgz",
      "integrity": "sha512-8bw4MY9WjdsD2aMtO0OzOCY3pXGYNx2d2FfHRVUKkiCPDWjKuOlhLVASS+pD7VkLTVjW268LYJHwsnPFlBpbAg==",
      "peer": true
    },
    "node_modules/through": {
      "version": "2.3.8",
      "resolved": "https://registry.npmjs.org/through/-/through-2.3.8.tgz",
      "integrity": "sha512-w89qg7PI8wAdvX60bMDP+bFoD5Dvhm9oLheFp5O4a2QF0cSBGsBX4qZmadPMvVqlLJBBci+WqGGOAPvcDeNSVg==",
      "peer": true
    },
    "node_modules/tr46": {
      "version": "0.0.3",
      "resolved": "https://registry.npmjs.org/tr46/-/tr46-0.0.3.tgz",
      "integrity": "sha512-N3WMsuqV66lT30CrXNbEjx4GEwlow3v6rr4mCcv6prnfwhS01rkgyFdjPNBYd9br7LpXV1+Emh01fHnq2Gdgrw=="
    },
    "node_modules/tslib": {
      "version": "1.14.1",
      "resolved": "https://registry.npmjs.org/tslib/-/tslib-1.14.1.tgz",
      "integrity": "sha512-Xni35NKzjgMrwevysHTCArtLDpPvye8zV/0E4EyYn43P7/7qvQwPh9BGkHewbMulVntbigmcT7rdX3BNo9wRJg==",
      "dev": true
    },
    "node_modules/tslint": {
      "version": "6.1.3",
      "resolved": "https://registry.npmjs.org/tslint/-/tslint-6.1.3.tgz",
      "integrity": "sha512-IbR4nkT96EQOvKE2PW/djGz8iGNeJ4rF2mBfiYaR/nvUWYKJhLwimoJKgjIFEIDibBtOevj7BqCRL4oHeWWUCg==",
      "deprecated": "TSLint has been deprecated in favor of ESLint. Please see https://github.com/palantir/tslint/issues/4534 for more information.",
      "dev": true,
      "dependencies": {
        "@babel/code-frame": "^7.0.0",
        "builtin-modules": "^1.1.1",
        "chalk": "^2.3.0",
        "commander": "^2.12.1",
        "diff": "^4.0.1",
        "glob": "^7.1.1",
        "js-yaml": "^3.13.1",
        "minimatch": "^3.0.4",
        "mkdirp": "^0.5.3",
        "resolve": "^1.3.2",
        "semver": "^5.3.0",
        "tslib": "^1.13.0",
        "tsutils": "^2.29.0"
      },
      "bin": {
        "tslint": "bin/tslint"
      },
      "engines": {
        "node": ">=4.8.0"
      },
      "peerDependencies": {
        "typescript": ">=2.3.0-dev || >=2.4.0-dev || >=2.5.0-dev || >=2.6.0-dev || >=2.7.0-dev || >=2.8.0-dev || >=2.9.0-dev || >=3.0.0-dev || >= 3.1.0-dev || >= 3.2.0-dev || >= 4.0.0-dev"
      }
    },
    "node_modules/tsutils": {
      "version": "2.29.0",
      "resolved": "https://registry.npmjs.org/tsutils/-/tsutils-2.29.0.tgz",
      "integrity": "sha512-g5JVHCIJwzfISaXpXE1qvNalca5Jwob6FjI4AoPlqMusJ6ftFE7IkkFoMhVLRgK+4Kx3gkzb8UZK5t5yTTvEmA==",
      "dev": true,
      "dependencies": {
        "tslib": "^1.8.1"
      },
      "peerDependencies": {
        "typescript": ">=2.1.0 || >=2.1.0-dev || >=2.2.0-dev || >=2.3.0-dev || >=2.4.0-dev || >=2.5.0-dev || >=2.6.0-dev || >=2.7.0-dev || >=2.8.0-dev || >=2.9.0-dev || >= 3.0.0-dev || >= 3.1.0-dev"
      }
    },
    "node_modules/typescript": {
      "version": "5.5.4",
      "resolved": "https://registry.npmjs.org/typescript/-/typescript-5.5.4.tgz",
      "integrity": "sha512-Mtq29sKDAEYP7aljRgtPOpTvOfbwRWlS6dPRzwjdE+C0R4brX/GUyhHSecbHMFLNBLcJIPt9nl9yG5TZ1weH+Q==",
      "dev": true,
      "bin": {
        "tsc": "bin/tsc",
        "tsserver": "bin/tsserver"
      },
      "engines": {
        "node": ">=14.17"
      }
    },
    "node_modules/utf-8-validate": {
      "version": "5.0.10",
      "resolved": "https://registry.npmjs.org/utf-8-validate/-/utf-8-validate-5.0.10.tgz",
      "integrity": "sha512-Z6czzLq4u8fPOyx7TU6X3dvUZVvoJmxSQ+IcrlmagKhilxlhZgxPK6C5Jqbkw1IDUmFTM+cz9QDnnLTwDz/2gQ==",
      "hasInstallScript": true,
      "optional": true,
      "peer": true,
      "dependencies": {
        "node-gyp-build": "^4.3.0"
      },
      "engines": {
        "node": ">=6.14.2"
      }
    },
    "node_modules/uuid": {
      "version": "8.3.2",
      "resolved": "https://registry.npmjs.org/uuid/-/uuid-8.3.2.tgz",
      "integrity": "sha512-+NYs2QeMWy+GWFOEm9xnn6HCDp0l7QBD7ml8zLUmJ+93Q5NF0NocErnwkTkXVFNiX3/fpC6afS8Dhb/gz7R7eg==",
      "peer": true,
      "bin": {
        "uuid": "dist/bin/uuid"
      }
    },
    "node_modules/webidl-conversions": {
      "version": "3.0.1",
      "resolved": "https://registry.npmjs.org/webidl-conversions/-/webidl-conversions-3.0.1.tgz",
      "integrity": "sha512-2JAn3z8AR6rjK8Sm8orRC0h/bcl/DqL7tRPdGZ4I1CjdF+EaMLmYxBHyXuKL849eucPFhvBoxMsflfOb8kxaeQ=="
    },
    "node_modules/whatwg-url": {
      "version": "5.0.0",
      "resolved": "https://registry.npmjs.org/whatwg-url/-/whatwg-url-5.0.0.tgz",
      "integrity": "sha512-saE57nupxk6v3HY35+jzBwYa0rKSy0XR8JSxZPwgLr7ys0IBzhGviA1/TUGJLmSVqs8pb9AnvICXEuOHLprYTw==",
      "dependencies": {
        "tr46": "~0.0.3",
        "webidl-conversions": "^3.0.0"
      }
    },
    "node_modules/wrappy": {
      "version": "1.0.2",
      "resolved": "https://registry.npmjs.org/wrappy/-/wrappy-1.0.2.tgz",
      "integrity": "sha512-l4Sp/DRseor9wL6EvV2+TuQn63dMkPjZ/sp9XkghTEbV9KlPS1xUsZ3u7/IQO4wxtcFB4bgpQPRcR3QCvezPcQ==",
      "dev": true
    },
    "node_modules/ws": {
      "version": "7.5.10",
      "resolved": "https://registry.npmjs.org/ws/-/ws-7.5.10.tgz",
      "integrity": "sha512-+dbF1tHwZpXcbOJdVOkzLDxZP1ailvSxM6ZweXTegylPny803bFhA+vqBYw4s31NSAk4S2Qz+AKXK9a4wkdjcQ==",
      "peer": true,
      "engines": {
        "node": ">=8.3.0"
      },
      "peerDependencies": {
        "bufferutil": "^4.0.1",
        "utf-8-validate": "^5.0.2"
      },
      "peerDependenciesMeta": {
        "bufferutil": {
          "optional": true
        },
        "utf-8-validate": {
          "optional": true
        }
      }
    }
  }
}
